
Microsoft Visual Studio Solution File, Format Version 12.00
# Visual Studio Version 17
VisualStudioVersion = 17.6.33829.357
MinimumVisualStudioVersion = 10.0.40219.1
Project("{9A19103F-16F7-4668-BE54-9A1E7A4F7556}") = "MKS", "MKS.csproj", "{7A6737C2-C4CA-4DF8-BC36-4587535EF8BC}"
EndProject
Global
	GlobalSection(SolutionConfigurationPlatforms) = preSolution
		Debug|Any CPU = Debug|Any CPU
		Release|Any CPU = Release|Any CPU
		Description = Kills qBittorrent if Mullvad vpn fails
	EndGlobalSection
	GlobalSection(ProjectConfigurationPlatforms) = postSolution
		{7A6737C2-C4CA-4DF8-BC36-4587535EF8BC}.Debug|Any CPU.ActiveCfg = Debug|Any CPU
		{7A6737C2-C4CA-4DF8-BC36-4587535EF8BC}.Debug|Any CPU.Build.0 = Debug|Any CPU
		{7A6737C2-C4CA-4DF8-BC36-4587535EF8BC}.Release|Any CPU.ActiveCfg = Release|Any CPU
		{7A6737C2-C4CA-4DF8-BC36-4587535EF8BC}.Release|Any CPU.Build.0 = Release|Any CPU
	EndGlobalSection
	GlobalSection(SolutionProperties) = preSolution
		HideSolutionNode = FALSE
	EndGlobalSection
	GlobalSection(ExtensibilityGlobals) = postSolution
		SolutionGuid = {11956348-A9EC-45D6-8DB2-DD0EFA274EEC}
	EndGlobalSection
EndGlobal
